
Microsoft Visual Studio Solution File, Format Version 12.00
# Visual Studio Version 17
VisualStudioVersion = 17.4.33213.308
MinimumVisualStudioVersion = 10.0.40219.1
Project("{FAE04EC0-301F-11D3-BF4B-00C04F79EFBC}") = "ImageSorter", "ImageSorter.csproj", "{A450669D-DB49-4A02-8CA5-B525EBB3EE18}"
EndProject
Global
	GlobalSection(SolutionConfigurationPlatforms) = preSolution
		Debug|Any CPU = Debug|Any CPU
		Release|Any CPU = Release|Any CPU
	EndGlobalSection
	GlobalSection(ProjectConfigurationPlatforms) = postSolution
		{A450669D-DB49-4A02-8CA5-B525EBB3EE18}.Debug|Any CPU.ActiveCfg = Debug|Any CPU
		{A450669D-DB49-4A02-8CA5-B525EBB3EE18}.Debug|Any CPU.Build.0 = Debug|Any CPU
		{A450669D-DB49-4A02-8CA5-B525EBB3EE18}.Release|Any CPU.ActiveCfg = Release|Any CPU
		{A450669D-DB49-4A02-8CA5-B525EBB3EE18}.Release|Any CPU.Build.0 = Release|Any CPU
	EndGlobalSection
	GlobalSection(SolutionProperties) = preSolution
		HideSolutionNode = FALSE
	EndGlobalSection
	GlobalSection(ExtensibilityGlobals) = postSolution
		SolutionGuid = {60E79FF2-26A5-4E01-9C57-EF14349538A4}
	EndGlobalSection
EndGlobal
